<Solution>
  <Project Path="Boxops.Fjord.Client/Boxops.Fjord.Client.csproj" />
  <Project Path="Boxops.Fjord.Demo/Boxops.Fjord.Demo.csproj" />
  <Project Path="Boxops.Fjord.Indexer/Boxops.Fjord.Indexer.csproj" />
  <Project Path="Boxops.Fjord.Scip/Boxops.Fjord.Scip.csproj" />
  <Project Path="Boxops.Fjord.Tests/Boxops.Fjord.Tests.csproj" />
</Solution>
