<Solution>
  <Project Path="Assemblies.Left/Assemblies.Left.csproj" />
  <Project Path="Assemblies.Right/Assemblies.Right.csproj" />
  <Project Path="Attributes/Attributes.csproj" />
  <Project Path="Bindings/Bindings.csproj" />
  <Project Path="Classes.Members/Classes.Members.csproj" />
  <Project Path="Classes/Classes.csproj" />
  <Project Path="Conversions/Conversions.csproj" />
  <Project Path="CrossProject/CrossProject.csproj" />
  <Project Path="Docs/Docs.csproj" />
  <Project Path="Entry/Entry.csproj" />
  <Project Path="EnumsDelegates/EnumsDelegates.csproj" />
  <Project Path="Expressions.Operators/Expressions.Operators.csproj" />
  <Project Path="Expressions.Primary/Expressions.Primary.csproj" />
  <Project Path="Interfaces/Interfaces.csproj" />
  <Project Path="Lexical/Lexical.csproj" />
  <Project Path="Locals/Locals.csproj" />
  <Project Path="Modern/Modern.csproj" />
  <Project Path="Names/Names.csproj" />
  <Project Path="Namespaces/Namespaces.csproj" />
  <Project Path="Patterns/Patterns.csproj" />
  <Project Path="Preview/Preview.csproj" />
  <Project Path="Ranges/Ranges.csproj" />
  <Project Path="Statements/Statements.csproj" />
  <Project Path="Structs/Structs.csproj" />
  <Project Path="SyntaxForms/SyntaxForms.csproj" />
  <Project Path="Synthesised.Events/Synthesised.Events.csproj" />
  <Project Path="Synthesised/Synthesised.csproj" />
  <Project Path="Types/Types.csproj" />
  <Project Path="Unsafe/Unsafe.csproj" />
</Solution>
